// !$*UTF8*$!
{
	archiveVersion = 1;
	classes = {
	};
	objectVersion = 56;
	objects = {

/* Begin PBXBuildFile section */
		C10000000000000000000001 /* ReceiptGuardApp.swift in Sources */ = {isa = PBXBuildFile; fileRef = B10000000000000000000001 /* ReceiptGuardApp.swift */; };
		C10000000000000000000002 /* Purchase.swift in Sources */ = {isa = PBXBuildFile; fileRef = B10000000000000000000002 /* Purchase.swift */; };
		C10000000000000000000003 /* HomeViewModel.swift in Sources */ = {isa = PBXBuildFile; fileRef = B10000000000000000000003 /* HomeViewModel.swift */; };
		C10000000000000000000004 /* AddPurchaseViewModel.swift in Sources */ = {isa = PBXBuildFile; fileRef = B10000000000000000000004 /* AddPurchaseViewModel.swift */; };
		C10000000000000000000005 /* PurchaseDetailViewModel.swift in Sources */ = {isa = PBXBuildFile; fileRef = B10000000000000000000005 /* PurchaseDetailViewModel.swift */; };
		C10000000000000000000006 /* SettingsViewModel.swift in Sources */ = {isa = PBXBuildFile; fileRef = B10000000000000000000006 /* SettingsViewModel.swift */; };
		C10000000000000000000007 /* ContentView.swift in Sources */ = {isa = PBXBuildFile; fileRef = B10000000000000000000007 /* ContentView.swift */; };
		C10000000000000000000008 /* HomeView.swift in Sources */ = {isa = PBXBuildFile; fileRef = B10000000000000000000008 /* HomeView.swift */; };
		C10000000000000000000009 /* AddPurchaseView.swift in Sources */ = {isa = PBXBuildFile; fileRef = B10000000000000000000009 /* AddPurchaseView.swift */; };
		C1000000000000000000000A /* PurchaseDetailView.swift in Sources */ = {isa = PBXBuildFile; fileRef = B1000000000000000000000A /* PurchaseDetailView.swift */; };
		C1000000000000000000000B /* SettingsView.swift in Sources */ = {isa = PBXBuildFile; fileRef = B1000000000000000000000B /* SettingsView.swift */; };
		C1000000000000000000000C /* DeadlineIndicator.swift in Sources */ = {isa = PBXBuildFile; fileRef = B1000000000000000000000C /* DeadlineIndicator.swift */; };
		C1000000000000000000000D /* PurchaseCardView.swift in Sources */ = {isa = PBXBuildFile; fileRef = B1000000000000000000000D /* PurchaseCardView.swift */; };
		C1000000000000000000000E /* KeychainService.swift in Sources */ = {isa = PBXBuildFile; fileRef = B1000000000000000000000E /* KeychainService.swift */; };
		C1000000000000000000000F /* NotificationService.swift in Sources */ = {isa = PBXBuildFile; fileRef = B1000000000000000000000F /* NotificationService.swift */; };
		C10000000000000000000010 /* LLMService.swift in Sources */ = {isa = PBXBuildFile; fileRef = B10000000000000000000010 /* LLMService.swift */; };
		C10000000000000000000011 /* ExportService.swift in Sources */ = {isa = PBXBuildFile; fileRef = B10000000000000000000011 /* ExportService.swift */; };
		C10000000000000000000012 /* DeadlineStatus.swift in Sources */ = {isa = PBXBuildFile; fileRef = B10000000000000000000012 /* DeadlineStatus.swift */; };
		C10000000000000000000013 /* DateHelpers.swift in Sources */ = {isa = PBXBuildFile; fileRef = B10000000000000000000013 /* DateHelpers.swift */; };
		C10000000000000000000014 /* Assets.xcassets in Resources */ = {isa = PBXBuildFile; fileRef = B10000000000000000000014 /* Assets.xcassets */; };
/* End PBXBuildFile section */

/* Begin PBXFileReference section */
		A1000000000000000000000D /* ReceiptGuard.app */ = {isa = PBXFileReference; explicitFileType = wrapper.application; includeInIndex = 0; path = ReceiptGuard.app; sourceTree = BUILT_PRODUCTS_DIR; };
		B10000000000000000000001 /* ReceiptGuardApp.swift */ = {isa = PBXFileReference; lastKnownFileType = sourcecode.swift; path = ReceiptGuardApp.swift; sourceTree = "<group>"; };
		B10000000000000000000002 /* Purchase.swift */ = {isa = PBXFileReference; lastKnownFileType = sourcecode.swift; path = Purchase.swift; sourceTree = "<group>"; };
		B10000000000000000000003 /* HomeViewModel.swift */ = {isa = PBXFileReference; lastKnownFileType = sourcecode.swift; path = HomeViewModel.swift; sourceTree = "<group>"; };
		B10000000000000000000004 /* AddPurchaseViewModel.swift */ = {isa = PBXFileReference; lastKnownFileType = sourcecode.swift; path = AddPurchaseViewModel.swift; sourceTree = "<group>"; };
		B10000000000000000000005 /* PurchaseDetailViewModel.swift */ = {isa = PBXFileReference; lastKnownFileType = sourcecode.swift; path = PurchaseDetailViewModel.swift; sourceTree = "<group>"; };
		B10000000000000000000006 /* SettingsViewModel.swift */ = {isa = PBXFileReference; lastKnownFileType = sourcecode.swift; path = SettingsViewModel.swift; sourceTree = "<group>"; };
		B10000000000000000000007 /* ContentView.swift */ = {isa = PBXFileReference; lastKnownFileType = sourcecode.swift; path = ContentView.swift; sourceTree = "<group>"; };
		B10000000000000000000008 /* HomeView.swift */ = {isa = PBXFileReference; lastKnownFileType = sourcecode.swift; path = HomeView.swift; sourceTree = "<group>"; };
		B10000000000000000000009 /* AddPurchaseView.swift */ = {isa = PBXFileReference; lastKnownFileType = sourcecode.swift; path = AddPurchaseView.swift; sourceTree = "<group>"; };
		B1000000000000000000000A /* PurchaseDetailView.swift */ = {isa = PBXFileReference; lastKnownFileType = sourcecode.swift; path = PurchaseDetailView.swift; sourceTree = "<group>"; };
		B1000000000000000000000B /* SettingsView.swift */ = {isa = PBXFileReference; lastKnownFileType = sourcecode.swift; path = SettingsView.swift; sourceTree = "<group>"; };
		B1000000000000000000000C /* DeadlineIndicator.swift */ = {isa = PBXFileReference; lastKnownFileType = sourcecode.swift; path = DeadlineIndicator.swift; sourceTree = "<group>"; };
		B1000000000000000000000D /* PurchaseCardView.swift */ = {isa = PBXFileReference; lastKnownFileType = sourcecode.swift; path = PurchaseCardView.swift; sourceTree = "<group>"; };
		B1000000000000000000000E /* KeychainService.swift */ = {isa = PBXFileReference; lastKnownFileType = sourcecode.swift; path = KeychainService.swift; sourceTree = "<group>"; };
		B1000000000000000000000F /* NotificationService.swift */ = {isa = PBXFileReference; lastKnownFileType = sourcecode.swift; path = NotificationService.swift; sourceTree = "<group>"; };
		B10000000000000000000010 /* LLMService.swift */ = {isa = PBXFileReference; lastKnownFileType = sourcecode.swift; path = LLMService.swift; sourceTree = "<group>"; };
		B10000000000000000000011 /* ExportService.swift */ = {isa = PBXFileReference; lastKnownFileType = sourcecode.swift; path = ExportService.swift; sourceTree = "<group>"; };
		B10000000000000000000012 /* DeadlineStatus.swift */ = {isa = PBXFileReference; lastKnownFileType = sourcecode.swift; path = DeadlineStatus.swift; sourceTree = "<group>"; };
		B10000000000000000000013 /* DateHelpers.swift */ = {isa = PBXFileReference; lastKnownFileType = sourcecode.swift; path = DateHelpers.swift; sourceTree = "<group>"; };
		B10000000000000000000014 /* Assets.xcassets */ = {isa = PBXFileReference; lastKnownFileType = folder.assetcatalog; path = Assets.xcassets; sourceTree = "<group>"; };
		B10000000000000000000015 /* Info.plist */ = {isa = PBXFileReference; lastKnownFileType = text.plist.xml; path = Info.plist; sourceTree = "<group>"; };
/* End PBXFileReference section */

/* Begin PBXFrameworksBuildPhase section */
		A10000000000000000000016 /* Frameworks */ = {
			isa = PBXFrameworksBuildPhase;
			buildActionMask = 2147483647;
			files = (
			);
			runOnlyForDeploymentPostprocessing = 0;
		};
/* End PBXFrameworksBuildPhase section */

/* Begin PBXGroup section */
		A10000000000000000000003 = {
			isa = PBXGroup;
			children = (
				A10000000000000000000005 /* ReceiptGuard */,
				A10000000000000000000004 /* Products */,
			);
			sourceTree = "<group>";
		};
		A10000000000000000000004 /* Products */ = {
			isa = PBXGroup;
			children = (
				A1000000000000000000000D /* ReceiptGuard.app */,
			);
			name = Products;
			sourceTree = "<group>";
		};
		A10000000000000000000005 /* ReceiptGuard */ = {
			isa = PBXGroup;
			children = (
				B10000000000000000000001 /* ReceiptGuardApp.swift */,
				A10000000000000000000006 /* Models */,
				A10000000000000000000007 /* ViewModels */,
				A10000000000000000000008 /* Views */,
				A1000000000000000000000A /* Services */,
				A1000000000000000000000B /* Helpers */,
				B10000000000000000000014 /* Assets.xcassets */,
				B10000000000000000000015 /* Info.plist */,
			);
			path = ReceiptGuard;
			sourceTree = "<group>";
		};
		A10000000000000000000006 /* Models */ = {
			isa = PBXGroup;
			children = (
				B10000000000000000000002 /* Purchase.swift */,
			);
			path = Models;
			sourceTree = "<group>";
		};
		A10000000000000000000007 /* ViewModels */ = {
			isa = PBXGroup;
			children = (
				B10000000000000000000003 /* HomeViewModel.swift */,
				B10000000000000000000004 /* AddPurchaseViewModel.swift */,
				B10000000000000000000005 /* PurchaseDetailViewModel.swift */,
				B10000000000000000000006 /* SettingsViewModel.swift */,
			);
			path = ViewModels;
			sourceTree = "<group>";
		};
		A10000000000000000000008 /* Views */ = {
			isa = PBXGroup;
			children = (
				B10000000000000000000007 /* ContentView.swift */,
				B10000000000000000000008 /* HomeView.swift */,
				B10000000000000000000009 /* AddPurchaseView.swift */,
				B1000000000000000000000A /* PurchaseDetailView.swift */,
				B1000000000000000000000B /* SettingsView.swift */,
				A10000000000000000000009 /* Components */,
			);
			path = Views;
			sourceTree = "<group>";
		};
		A10000000000000000000009 /* Components */ = {
			isa = PBXGroup;
			children = (
				B1000000000000000000000C /* DeadlineIndicator.swift */,
				B1000000000000000000000D /* PurchaseCardView.swift */,
			);
			path = Components;
			sourceTree = "<group>";
		};
		A1000000000000000000000A /* Services */ = {
			isa = PBXGroup;
			children = (
				B1000000000000000000000E /* KeychainService.swift */,
				B1000000000000000000000F /* NotificationService.swift */,
				B10000000000000000000010 /* LLMService.swift */,
				B10000000000000000000011 /* ExportService.swift */,
			);
			path = Services;
			sourceTree = "<group>";
		};
		A1000000000000000000000B /* Helpers */ = {
			isa = PBXGroup;
			children = (
				B10000000000000000000012 /* DeadlineStatus.swift */,
				B10000000000000000000013 /* DateHelpers.swift */,
			);
			path = Helpers;
			sourceTree = "<group>";
		};
/* End PBXGroup section */

/* Begin PBXNativeTarget section */
		A10000000000000000000002 /* ReceiptGuard */ = {
			isa = PBXNativeTarget;
			buildConfigurationList = A1000000000000000000000F /* Build configuration list for PBXNativeTarget "ReceiptGuard" */;
			buildPhases = (
				A10000000000000000000014 /* Sources */,
				A10000000000000000000016 /* Frameworks */,
				A10000000000000000000015 /* Resources */,
			);
			buildRules = (
			);
			dependencies = (
			);
			name = ReceiptGuard;
			productName = ReceiptGuard;
			productReference = A1000000000000000000000D /* ReceiptGuard.app */;
			productType = "com.apple.product-type.application";
		};
/* End PBXNativeTarget section */

/* Begin PBXProject section */
		A10000000000000000000001 /* Project object */ = {
			isa = PBXProject;
			attributes = {
				BuildIndependentTargetsInParallel = 1;
				LastSwiftUpdateCheck = 1500;
				LastUpgradeCheck = 1500;
				TargetAttributes = {
					A10000000000000000000002 = {
						CreatedOnToolsVersion = 15.0;
					};
				};
			};
			buildConfigurationList = A1000000000000000000000E /* Build configuration list for PBXProject "ReceiptGuard" */;
			compatibilityVersion = "Xcode 14.0";
			developmentRegion = en;
			hasScannedForEncodings = 0;
			knownRegions = (
				en,
				Base,
			);
			mainGroup = A10000000000000000000003;
			productRefGroup = A10000000000000000000004 /* Products */;
			projectDirPath = "";
			projectRoot = "";
			targets = (
				A10000000000000000000002 /* ReceiptGuard */,
			);
		};
/* End PBXProject section */

/* Begin PBXResourcesBuildPhase section */
		A10000000000000000000015 /* Resources */ = {
			isa = PBXResourcesBuildPhase;
			buildActionMask = 2147483647;
			files = (
				C10000000000000000000014 /* Assets.xcassets in Resources */,
			);
			runOnlyForDeploymentPostprocessing = 0;
		};
/* End PBXResourcesBuildPhase section */

/* Begin PBXSourcesBuildPhase section */
		A10000000000000000000014 /* Sources */ = {
			isa = PBXSourcesBuildPhase;
			buildActionMask = 2147483647;
			files = (
				C10000000000000000000001 /* ReceiptGuardApp.swift in Sources */,
				C10000000000000000000002 /* Purchase.swift in Sources */,
				C10000000000000000000003 /* HomeViewModel.swift in Sources */,
				C10000000000000000000004 /* AddPurchaseViewModel.swift in Sources */,
				C10000000000000000000005 /* PurchaseDetailViewModel.swift in Sources */,
				C10000000000000000000006 /* SettingsViewModel.swift in Sources */,
				C10000000000000000000007 /* ContentView.swift in Sources */,
				C10000000000000000000008 /* HomeView.swift in Sources */,
				C10000000000000000000009 /* AddPurchaseView.swift in Sources */,
				C1000000000000000000000A /* PurchaseDetailView.swift in Sources */,
				C1000000000000000000000B /* SettingsView.swift in Sources */,
				C1000000000000000000000C /* DeadlineIndicator.swift in Sources */,
				C1000000000000000000000D /* PurchaseCardView.swift in Sources */,
				C1000000000000000000000E /* KeychainService.swift in Sources */,
				C1000000000000000000000F /* NotificationService.swift in Sources */,
				C10000000000000000000010 /* LLMService.swift in Sources */,
				C10000000000000000000011 /* ExportService.swift in Sources */,
				C10000000000000000000012 /* DeadlineStatus.swift in Sources */,
				C10000000000000000000013 /* DateHelpers.swift in Sources */,
			);
			runOnlyForDeploymentPostprocessing = 0;
		};
/* End PBXSourcesBuildPhase section */

/* Begin XCBuildConfiguration section */
		A10000000000000000000010 /* Debug */ = {
			isa = XCBuildConfiguration;
			buildSettings = {
				ALWAYS_SEARCH_USER_PATHS = NO;
				ASSETCATALOG_COMPILER_GENERATE_SWIFT_ASSET_SYMBOL_EXTENSIONS = YES;
				CLANG_ANALYZER_NONNULL = YES;
				CLANG_ANALYZER_NUMBER_OBJECT_CONVERSION = YES_AGGRESSIVE;
				CLANG_CXX_LANGUAGE_STANDARD = "gnu++20";
				CLANG_ENABLE_MODULES = YES;
				CLANG_ENABLE_OBJC_ARC = YES;
				CLANG_ENABLE_OBJC_WEAK = YES;
				CLANG_WARN_BLOCK_CAPTURE_AUTORELEASING = YES;
				CLANG_WARN_BOOL_CONVERSION = YES;
				CLANG_WARN_COMMA = YES;
				CLANG_WARN_CONSTANT_CONVERSION = YES;
				CLANG_WARN_DEPRECATED_OBJC_IMPLEMENTATIONS = YES;
				CLANG_WARN_DIRECT_OBJC_ISA_USAGE = YES_ERROR;
				CLANG_WARN_DOCUMENTATION_COMMENTS = YES;
				CLANG_WARN_EMPTY_BODY = YES;
				CLANG_WARN_ENUM_CONVERSION = YES;
				CLANG_WARN_INFINITE_RECURSION = YES;
				CLANG_WARN_INT_CONVERSION = YES;
				CLANG_WARN_NON_LITERAL_NULL_CONVERSION = YES;
				CLANG_WARN_OBJC_IMPLICIT_RETAIN_SELF = YES;
				CLANG_WARN_OBJC_LITERAL_CONVERSION = YES;
				CLANG_WARN_OBJC_ROOT_CLASS = YES_ERROR;
				CLANG_WARN_QUOTED_INCLUDE_IN_FRAMEWORK_HEADER = YES;
				CLANG_WARN_RANGE_LOOP_ANALYSIS = YES;
				CLANG_WARN_STRICT_PROTOTYPES = YES;
				CLANG_WARN_SUSPICIOUS_MOVE = YES;
				CLANG_WARN_UNGUARDED_AVAILABILITY = YES_AGGRESSIVE;
				CLANG_WARN_UNREACHABLE_CODE = YES;
				CLANG_WARN__DUPLICATE_METHOD_MATCH = YES;
				COPY_PHASE_STRIP = NO;
				DEBUG_INFORMATION_FORMAT = dwarf;
				ENABLE_STRICT_OBJC_MSGSEND = YES;
				ENABLE_TESTABILITY = YES;
				ENABLE_USER_SCRIPT_SANDBOXING = YES;
				GCC_C_LANGUAGE_STANDARD = gnu17;
				GCC_DYNAMIC_NO_PIC = NO;
				GCC_NO_COMMON_BLOCKS = YES;
				GCC_OPTIMIZATION_LEVEL = 0;
				GCC_PREPROCESSOR_DEFINITIONS = (
					"DEBUG=1",
					"$(inherited)",
				);
				GCC_WARN_64_TO_32_BIT_CONVERSION = YES;
				GCC_WARN_ABOUT_RETURN_TYPE = YES_ERROR;
				GCC_WARN_UNDECLARED_SELECTOR = YES;
				GCC_WARN_UNINITIALIZED_AUTOS = YES_AGGRESSIVE;
				GCC_WARN_UNUSED_FUNCTION = YES;
				GCC_WARN_UNUSED_VARIABLE = YES;
				IPHONEOS_DEPLOYMENT_TARGET = 17.0;
				LOCALIZATION_PREFERS_STRING_CATALOGS = YES;
				MTL_ENABLE_DEBUG_INFO = INCLUDE_SOURCE;
				MTL_FAST_MATH = YES;
				ONLY_ACTIVE_ARCH = YES;
				SDKROOT = iphoneos;
				SWIFT_ACTIVE_COMPILATION_CONDITIONS = "DEBUG $(inherited)";
				SWIFT_OPTIMIZATION_LEVEL = "-Onone";
			};
			name = Debug;
		};
		A10000000000000000000011 /* Release */ = {
			isa = XCBuildConfiguration;
			buildSettings = {
				ALWAYS_SEARCH_USER_PATHS = NO;
				ASSETCATALOG_COMPILER_GENERATE_SWIFT_ASSET_SYMBOL_EXTENSIONS = YES;
				CLANG_ANALYZER_NONNULL = YES;
				CLANG_ANALYZER_NUMBER_OBJECT_CONVERSION = YES_AGGRESSIVE;
				CLANG_CXX_LANGUAGE_STANDARD = "gnu++20";
				CLANG_ENABLE_MODULES = YES;
				CLANG_ENABLE_OBJC_ARC = YES;
				CLANG_ENABLE_OBJC_WEAK = YES;
				CLANG_WARN_BLOCK_CAPTURE_AUTORELEASING = YES;
				CLANG_WARN_BOOL_CONVERSION = YES;
				CLANG_WARN_COMMA = YES;
				CLANG_WARN_CONSTANT_CONVERSION = YES;
				CLANG_WARN_DEPRECATED_OBJC_IMPLEMENTATIONS = YES;
				CLANG_WARN_DIRECT_OBJC_ISA_USAGE = YES_ERROR;
				CLANG_WARN_DOCUMENTATION_COMMENTS = YES;
				CLANG_WARN_EMPTY_BODY = YES;
				CLANG_WARN_ENUM_CONVERSION = YES;
				CLANG_WARN_INFINITE_RECURSION = YES;
				CLANG_WARN_INT_CONVERSION = YES;
				CLANG_WARN_NON_LITERAL_NULL_CONVERSION = YES;
				CLANG_WARN_OBJC_IMPLICIT_RETAIN_SELF = YES;
				CLANG_WARN_OBJC_LITERAL_CONVERSION = YES;
				CLANG_WARN_OBJC_ROOT_CLASS = YES_ERROR;
				CLANG_WARN_QUOTED_INCLUDE_IN_FRAMEWORK_HEADER = YES;
				CLANG_WARN_RANGE_LOOP_ANALYSIS = YES;
				CLANG_WARN_STRICT_PROTOTYPES = YES;
				CLANG_WARN_SUSPICIOUS_MOVE = YES;
				CLANG_WARN_UNGUARDED_AVAILABILITY = YES_AGGRESSIVE;
				CLANG_WARN_UNREACHABLE_CODE = YES;
				CLANG_WARN__DUPLICATE_METHOD_MATCH = YES;
				COPY_PHASE_STRIP = NO;
				DEBUG_INFORMATION_FORMAT = "dwarf-with-dsym";
				ENABLE_NS_ASSERTIONS = NO;
				ENABLE_STRICT_OBJC_MSGSEND = YES;
				ENABLE_USER_SCRIPT_SANDBOXING = YES;
				GCC_C_LANGUAGE_STANDARD = gnu17;
				GCC_NO_COMMON_BLOCKS = YES;
				GCC_WARN_64_TO_32_BIT_CONVERSION = YES;
				GCC_WARN_ABOUT_RETURN_TYPE = YES_ERROR;
				GCC_WARN_UNDECLARED_SELECTOR = YES;
				GCC_WARN_UNINITIALIZED_AUTOS = YES_AGGRESSIVE;
				GCC_WARN_UNUSED_FUNCTION = YES;
				GCC_WARN_UNUSED_VARIABLE = YES;
				IPHONEOS_DEPLOYMENT_TARGET = 17.0;
				LOCALIZATION_PREFERS_STRING_CATALOGS = YES;
				MTL_ENABLE_DEBUG_INFO = NO;
				MTL_FAST_MATH = YES;
				SDKROOT = iphoneos;
				SWIFT_COMPILATION_MODE = wholemodule;
				VALIDATE_PRODUCT = YES;
			};
			name = Release;
		};
		A10000000000000000000012 /* Debug */ = {
			isa = XCBuildConfiguration;
			buildSettings = {
				ASSETCATALOG_COMPILER_APPICON_NAME = AppIcon;
				ASSETCATALOG_COMPILER_GLOBAL_ACCENT_COLOR_NAME = AccentColor;
				CODE_SIGN_STYLE = Automatic;
				CURRENT_PROJECT_VERSION = 1;
				DEVELOPMENT_ASSET_PATHS = "";
				ENABLE_PREVIEWS = YES;
				GENERATE_INFOPLIST_FILE = YES;
				INFOPLIST_FILE = ReceiptGuard/Info.plist;
				INFOPLIST_KEY_CFBundleDisplayName = ReceiptGuard;
				INFOPLIST_KEY_UIApplicationSceneManifest_Generation = YES;
				INFOPLIST_KEY_UIApplicationSupportsIndirectInputEvents = YES;
				INFOPLIST_KEY_UILaunchScreen_Generation = YES;
				INFOPLIST_KEY_UISupportedInterfaceOrientations_iPad = "UIInterfaceOrientationPortrait UIInterfaceOrientationPortraitUpsideDown UIInterfaceOrientationLandscapeLeft UIInterfaceOrientationLandscapeRight";
				INFOPLIST_KEY_UISupportedInterfaceOrientations_iPhone = "UIInterfaceOrientationPortrait UIInterfaceOrientationLandscapeLeft UIInterfaceOrientationLandscapeRight";
				LD_RUNPATH_SEARCH_PATHS = (
					"$(inherited)",
					"@executable_path/Frameworks",
				);
				MARKETING_VERSION = 1.0;
				PRODUCT_BUNDLE_IDENTIFIER = com.receiptguard.app;
				PRODUCT_NAME = "$(TARGET_NAME)";
				SWIFT_EMIT_LOC_STRINGS = YES;
				SWIFT_VERSION = 5.0;
				TARGETED_DEVICE_FAMILY = "1,2";
			};
			name = Debug;
		};
		A10000000000000000000013 /* Release */ = {
			isa = XCBuildConfiguration;
			buildSettings = {
				ASSETCATALOG_COMPILER_APPICON_NAME = AppIcon;
				ASSETCATALOG_COMPILER_GLOBAL_ACCENT_COLOR_NAME = AccentColor;
				CODE_SIGN_STYLE = Automatic;
				CURRENT_PROJECT_VERSION = 1;
				DEVELOPMENT_ASSET_PATHS = "";
				ENABLE_PREVIEWS = YES;
				GENERATE_INFOPLIST_FILE = YES;
				INFOPLIST_FILE = ReceiptGuard/Info.plist;
				INFOPLIST_KEY_CFBundleDisplayName = ReceiptGuard;
				INFOPLIST_KEY_UIApplicationSceneManifest_Generation = YES;
				INFOPLIST_KEY_UIApplicationSupportsIndirectInputEvents = YES;
				INFOPLIST_KEY_UILaunchScreen_Generation = YES;
				INFOPLIST_KEY_UISupportedInterfaceOrientations_iPad = "UIInterfaceOrientationPortrait UIInterfaceOrientationPortraitUpsideDown UIInterfaceOrientationLandscapeLeft UIInterfaceOrientationLandscapeRight";
				INFOPLIST_KEY_UISupportedInterfaceOrientations_iPhone = "UIInterfaceOrientationPortrait UIInterfaceOrientationLandscapeLeft UIInterfaceOrientationLandscapeRight";
				LD_RUNPATH_SEARCH_PATHS = (
					"$(inherited)",
					"@executable_path/Frameworks",
				);
				MARKETING_VERSION = 1.0;
				PRODUCT_BUNDLE_IDENTIFIER = com.receiptguard.app;
				PRODUCT_NAME = "$(TARGET_NAME)";
				SWIFT_EMIT_LOC_STRINGS = YES;
				SWIFT_VERSION = 5.0;
				TARGETED_DEVICE_FAMILY = "1,2";
			};
			name = Release;
		};
/* End XCBuildConfiguration section */

/* Begin XCConfigurationList section */
		A1000000000000000000000E /* Build configuration list for PBXProject "ReceiptGuard" */ = {
			isa = XCConfigurationList;
			buildConfigurations = (
				A10000000000000000000010 /* Debug */,
				A10000000000000000000011 /* Release */,
			);
			defaultConfigurationIsVisible = 0;
			defaultConfigurationName = Release;
		};
		A1000000000000000000000F /* Build configuration list for PBXNativeTarget "ReceiptGuard" */ = {
			isa = XCConfigurationList;
			buildConfigurations = (
				A10000000000000000000012 /* Debug */,
				A10000000000000000000013 /* Release */,
			);
			defaultConfigurationIsVisible = 0;
			defaultConfigurationName = Release;
		};
/* End XCConfigurationList section */
	};
	rootObject = A10000000000000000000001 /* Project object */;
}
